
Microsoft Visual Studio Solution File, Format Version 12.00
# Visual Studio 2012
Project("{FAE04EC0-301F-11D3-BF4B-00C04F79EFBC}") = "davidmcg-mvc4Attendee", "davidmcg-mvc4Attendee\davidmcg-mvc4Attendee.csproj", "{B01C32D1-6060-4C89-A26A-4D1C2381EBDC}"
EndProject
Global
	GlobalSection(SolutionConfigurationPlatforms) = preSolution
		Debug|Any CPU = Debug|Any CPU
		Release|Any CPU = Release|Any CPU
	EndGlobalSection
	GlobalSection(ProjectConfigurationPlatforms) = postSolution
		{B01C32D1-6060-4C89-A26A-4D1C2381EBDC}.Debug|Any CPU.ActiveCfg = Debug|Any CPU
		{B01C32D1-6060-4C89-A26A-4D1C2381EBDC}.Debug|Any CPU.Build.0 = Debug|Any CPU
		{B01C32D1-6060-4C89-A26A-4D1C2381EBDC}.Release|Any CPU.ActiveCfg = Release|Any CPU
		{B01C32D1-6060-4C89-A26A-4D1C2381EBDC}.Release|Any CPU.Build.0 = Release|Any CPU
	EndGlobalSection
	GlobalSection(SolutionProperties) = preSolution
		HideSolutionNode = FALSE
	EndGlobalSection
EndGlobal
